{
  "nodes": {
    "flake-utils": {
      "locked": {
        "lastModified": 1610051610,
        "narHash": "sha256-U9rPz/usA1/Aohhk7Cmc2gBrEEKRzcW4nwPWMPwja4Y=",
        "owner": "numtide",
        "repo": "flake-utils",
        "rev": "3982c9903e93927c2164caa727cd3f6a0e6d14cc",
        "type": "github"
      },
      "original": {
        "owner": "numtide",
        "repo": "flake-utils",
        "type": "github"
      }
    },
    "hackage": {
      "flake": false,
      "locked": {
        "lastModified": 1613956326,
        "narHash": "sha256-SNctpqflg0NKecvS8FcPGQDdPnr3cDzMRLZq+MwKWp0=",
        "owner": "input-output-hk",
        "repo": "hackage.nix",
        "rev": "0c7c981d0512a8759d5381cd8b17ea00e289517f",
        "type": "github"
      },
      "original": {
        "owner": "input-output-hk",
        "repo": "hackage.nix",
        "type": "github"
      }
    },
    "haskell-nix": {
      "inputs": {
        "nixpkgs": "nixpkgs",
        "nixpkgs-2003": "nixpkgs-2003",
        "nixpkgs-2009": "nixpkgs-2009",
        "nixpkgs-unstable": "nixpkgs-unstable"
      },
      "locked": {
        "lastModified": 1613996756,
        "narHash": "sha256-J6JbKCqzpJhlHT3+44vjcvkoX1qJSzOzM31xpS38ysY=",
        "owner": "input-output-hk",
        "repo": "haskell.nix",
        "rev": "c4e5aea19b2436670524a230a0e5e959c8923fd1",
        "type": "github"
      },
      "original": {
        "owner": "input-output-hk",
        "repo": "haskell.nix",
        "type": "github"
      }
    },
    "nix-npm-buildpackage": {
      "locked": {
        "lastModified": 1611215371,
        "narHash": "sha256-79AxuV+Ko0OMCqtrui2WcrfARW0WWw6GiTt/6CMWcbo=",
        "owner": "serokell",
        "repo": "nix-npm-buildpackage",
        "rev": "d24a0ab6a289a1ea1ab6771a914973cf9c3c1719",
        "type": "github"
      },
      "original": {
        "owner": "serokell",
        "repo": "nix-npm-buildpackage",
        "type": "github"
      }
    },
    "nixpkgs": {
      "locked": {
        "lastModified": 1608007629,
        "narHash": "sha256-lipVFC/a2pzzA5X2ULj64je+fz1JIp2XRrB5qyoizpQ=",
        "owner": "NixOS",
        "repo": "nixpkgs",
        "rev": "f02bf8ffb9a5ec5e8f6f66f1e5544fd2aa1a0693",
        "type": "github"
      },
      "original": {
        "owner": "NixOS",
        "repo": "nixpkgs",
        "rev": "f02bf8ffb9a5ec5e8f6f66f1e5544fd2aa1a0693",
        "type": "github"
      }
    },
    "nixpkgs-2003": {
      "locked": {
        "lastModified": 1607708579,
        "narHash": "sha256-QyADEDydJJPa8n3xawnA82IJAcZHNNm6Pp5DU7exMr4=",
        "owner": "NixOS",
        "repo": "nixpkgs",
        "rev": "7f73e46625f508a793700f5110b86f1a53341d6e",
        "type": "github"
      },
      "original": {
        "owner": "NixOS",
        "repo": "nixpkgs",
        "rev": "7f73e46625f508a793700f5110b86f1a53341d6e",
        "type": "github"
      }
    },
    "nixpkgs-2009": {
      "locked": {
        "lastModified": 1608007629,
        "narHash": "sha256-lipVFC/a2pzzA5X2ULj64je+fz1JIp2XRrB5qyoizpQ=",
        "owner": "NixOS",
        "repo": "nixpkgs",
        "rev": "f02bf8ffb9a5ec5e8f6f66f1e5544fd2aa1a0693",
        "type": "github"
      },
      "original": {
        "owner": "NixOS",
        "repo": "nixpkgs",
        "rev": "f02bf8ffb9a5ec5e8f6f66f1e5544fd2aa1a0693",
        "type": "github"
      }
    },
    "nixpkgs-unstable": {
      "locked": {
        "lastModified": 1612284693,
        "narHash": "sha256-efzJNF1jvjK3BMl0gZ0ZaUWcFMv0nLb9AHN/++5+u0U=",
        "owner": "NixOS",
        "repo": "nixpkgs",
        "rev": "410bbd828cdc6156aecd5bc91772ad3a6b1099c7",
        "type": "github"
      },
      "original": {
        "owner": "NixOS",
        "repo": "nixpkgs",
        "rev": "410bbd828cdc6156aecd5bc91772ad3a6b1099c7",
        "type": "github"
      }
    },
    "nixpkgs_2": {
      "locked": {
        "lastModified": 1613641638,
        "narHash": "sha256-dZM2usljlkGNU1krgBXRsQ2tHWZExFPnvecullGe504=",
        "owner": "serokell",
        "repo": "nixpkgs",
        "rev": "8a1d9e6a3596d340636eccbbc2cdf7429d4af632",
        "type": "github"
      },
      "original": {
        "owner": "serokell",
        "repo": "nixpkgs",
        "type": "github"
      }
    },
    "root": {
      "inputs": {
        "flake-utils": "flake-utils",
        "hackage": "hackage",
        "haskell-nix": "haskell-nix",
        "nix-npm-buildpackage": "nix-npm-buildpackage",
        "nixpkgs": "nixpkgs_2",
        "stackage": "stackage"
      }
    },
    "stackage": {
      "flake": false,
      "locked": {
        "lastModified": 1613437366,
        "narHash": "sha256-EIMjXbwx41TNR/dWEWJrKbO61h17tzLDNwTheTXrHJU=",
        "owner": "input-output-hk",
        "repo": "stackage.nix",
        "rev": "aba6cc7066d2f5d1179284d708e11751f1c1be78",
        "type": "github"
      },
      "original": {
        "owner": "input-output-hk",
        "repo": "stackage.nix",
        "type": "github"
      }
    }
  },
  "root": "root",
  "version": 7
}
